
Microsoft Visual Studio Solution File, Format Version 11.00
# Visual Studio 2010
Project("{FAE04EC0-301F-11D3-BF4B-00C04F79EFBC}") = "dbMVC", "dbMVC\dbMVC.csproj", "{A9DE17C9-F75F-4EC7-8C39-5A771943FB4C}"
EndProject
Project("{FAE04EC0-301F-11D3-BF4B-00C04F79EFBC}") = "dbMVC.Tests", "dbMVC.Tests\dbMVC.Tests.csproj", "{70BB83FC-E184-464E-840C-1D5251967556}"
EndProject
Project("{FAE04EC0-301F-11D3-BF4B-00C04F79EFBC}") = "dbMVCLib", "dbMVCLib\dbMVCLib.csproj", "{7146E4F7-DCE5-4FC7-99E8-E105CB9B542E}"
EndProject
Global
	GlobalSection(SolutionConfigurationPlatforms) = preSolution
		Debug|Any CPU = Debug|Any CPU
		Release|Any CPU = Release|Any CPU
	EndGlobalSection
	GlobalSection(ProjectConfigurationPlatforms) = postSolution
		{A9DE17C9-F75F-4EC7-8C39-5A771943FB4C}.Debug|Any CPU.ActiveCfg = Debug|Any CPU
		{A9DE17C9-F75F-4EC7-8C39-5A771943FB4C}.Debug|Any CPU.Build.0 = Debug|Any CPU
		{A9DE17C9-F75F-4EC7-8C39-5A771943FB4C}.Release|Any CPU.ActiveCfg = Release|Any CPU
		{A9DE17C9-F75F-4EC7-8C39-5A771943FB4C}.Release|Any CPU.Build.0 = Release|Any CPU
		{70BB83FC-E184-464E-840C-1D5251967556}.Debug|Any CPU.ActiveCfg = Debug|Any CPU
		{70BB83FC-E184-464E-840C-1D5251967556}.Debug|Any CPU.Build.0 = Debug|Any CPU
		{70BB83FC-E184-464E-840C-1D5251967556}.Release|Any CPU.ActiveCfg = Release|Any CPU
		{70BB83FC-E184-464E-840C-1D5251967556}.Release|Any CPU.Build.0 = Release|Any CPU
		{7146E4F7-DCE5-4FC7-99E8-E105CB9B542E}.Debug|Any CPU.ActiveCfg = Debug|Any CPU
		{7146E4F7-DCE5-4FC7-99E8-E105CB9B542E}.Debug|Any CPU.Build.0 = Debug|Any CPU
		{7146E4F7-DCE5-4FC7-99E8-E105CB9B542E}.Release|Any CPU.ActiveCfg = Release|Any CPU
		{7146E4F7-DCE5-4FC7-99E8-E105CB9B542E}.Release|Any CPU.Build.0 = Release|Any CPU
	EndGlobalSection
	GlobalSection(SolutionProperties) = preSolution
		HideSolutionNode = FALSE
	EndGlobalSection
EndGlobal
